
Microsoft Visual Studio Solution File, Format Version 12.00
# Visual Studio 15
VisualStudioVersion = 15.0.27004.2006
MinimumVisualStudioVersion = 10.0.40219.1
Project("{FAE04EC0-301F-11D3-BF4B-00C04F79EFBC}") = "Trailhead.BusBot", "Trailhead.BusBot\Trailhead.BusBot.csproj", "{BBA4105E-CF54-418C-A320-CA95B38CA814}"
EndProject
Global
	GlobalSection(SolutionConfigurationPlatforms) = preSolution
		Debug|Any CPU = Debug|Any CPU
		Release|Any CPU = Release|Any CPU
	EndGlobalSection
	GlobalSection(ProjectConfigurationPlatforms) = postSolution
		{BBA4105E-CF54-418C-A320-CA95B38CA814}.Debug|Any CPU.ActiveCfg = Debug|Any CPU
		{BBA4105E-CF54-418C-A320-CA95B38CA814}.Debug|Any CPU.Build.0 = Debug|Any CPU
		{BBA4105E-CF54-418C-A320-CA95B38CA814}.Release|Any CPU.ActiveCfg = Release|Any CPU
		{BBA4105E-CF54-418C-A320-CA95B38CA814}.Release|Any CPU.Build.0 = Release|Any CPU
	EndGlobalSection
	GlobalSection(SolutionProperties) = preSolution
		HideSolutionNode = FALSE
	EndGlobalSection
	GlobalSection(ExtensibilityGlobals) = postSolution
		SolutionGuid = {CD8304C1-D6D8-4A81-A8BB-B8BD47B15C7C}
	EndGlobalSection
EndGlobal
